
Microsoft Visual Studio Solution File, Format Version 12.00
# Visual Studio 15
VisualStudioVersion = 15.0.28307.960
MinimumVisualStudioVersion = 10.0.40219.1
Project("{FAE04EC0-301F-11D3-BF4B-00C04F79EFBC}") = "BusinessListingsAPI", "BusinessListingsAPI\BusinessListingsAPI.csproj", "{BABB6D7E-E9CC-43E2-8F41-A5B2C49F6380}"
EndProject
Project("{FAE04EC0-301F-11D3-BF4B-00C04F79EFBC}") = "GoodEatsUI", "GoodEatsUI\GoodEatsUI.csproj", "{CFAAEE3E-DD41-4EC8-B0E9-ED397EAF954C}"
EndProject
Project("{FAE04EC0-301F-11D3-BF4B-00C04F79EFBC}") = "UserAccAPI", "UserAccAPI\UserAccAPI.csproj", "{996675F9-080E-4A84-9EBE-1D227B9CAE4E}"
EndProject
Project("{00D1A9C2-B5F0-4AF3-8072-F6C62B433612}") = "BusinessData", "BusinessData\BusinessData.sqlproj", "{8075E101-B674-47AE-9E6E-F72A8CDCF725}"
EndProject
Project("{FAE04EC0-301F-11D3-BF4B-00C04F79EFBC}") = "DataManager.Library", "DataManager.Library\DataManager.Library.csproj", "{C0C1FCB7-9E90-4336-AE31-409A3244FFD5}"
EndProject
Project("{FAE04EC0-301F-11D3-BF4B-00C04F79EFBC}") = "WebApplicationLibrary", "WebApplicationLibrary\WebApplicationLibrary.csproj", "{5FCF12BF-00A6-435B-A2C9-283B2170DE17}"
EndProject
Global
	GlobalSection(SolutionConfigurationPlatforms) = preSolution
		Debug|Any CPU = Debug|Any CPU
		Release|Any CPU = Release|Any CPU
	EndGlobalSection
	GlobalSection(ProjectConfigurationPlatforms) = postSolution
		{BABB6D7E-E9CC-43E2-8F41-A5B2C49F6380}.Debug|Any CPU.ActiveCfg = Debug|Any CPU
		{BABB6D7E-E9CC-43E2-8F41-A5B2C49F6380}.Debug|Any CPU.Build.0 = Debug|Any CPU
		{BABB6D7E-E9CC-43E2-8F41-A5B2C49F6380}.Release|Any CPU.ActiveCfg = Release|Any CPU
		{BABB6D7E-E9CC-43E2-8F41-A5B2C49F6380}.Release|Any CPU.Build.0 = Release|Any CPU
		{CFAAEE3E-DD41-4EC8-B0E9-ED397EAF954C}.Debug|Any CPU.ActiveCfg = Debug|Any CPU
		{CFAAEE3E-DD41-4EC8-B0E9-ED397EAF954C}.Debug|Any CPU.Build.0 = Debug|Any CPU
		{CFAAEE3E-DD41-4EC8-B0E9-ED397EAF954C}.Release|Any CPU.ActiveCfg = Release|Any CPU
		{CFAAEE3E-DD41-4EC8-B0E9-ED397EAF954C}.Release|Any CPU.Build.0 = Release|Any CPU
		{996675F9-080E-4A84-9EBE-1D227B9CAE4E}.Debug|Any CPU.ActiveCfg = Debug|Any CPU
		{996675F9-080E-4A84-9EBE-1D227B9CAE4E}.Debug|Any CPU.Build.0 = Debug|Any CPU
		{996675F9-080E-4A84-9EBE-1D227B9CAE4E}.Release|Any CPU.ActiveCfg = Release|Any CPU
		{996675F9-080E-4A84-9EBE-1D227B9CAE4E}.Release|Any CPU.Build.0 = Release|Any CPU
		{8075E101-B674-47AE-9E6E-F72A8CDCF725}.Debug|Any CPU.ActiveCfg = Debug|Any CPU
		{8075E101-B674-47AE-9E6E-F72A8CDCF725}.Debug|Any CPU.Build.0 = Debug|Any CPU
		{8075E101-B674-47AE-9E6E-F72A8CDCF725}.Debug|Any CPU.Deploy.0 = Debug|Any CPU
		{8075E101-B674-47AE-9E6E-F72A8CDCF725}.Release|Any CPU.ActiveCfg = Release|Any CPU
		{8075E101-B674-47AE-9E6E-F72A8CDCF725}.Release|Any CPU.Build.0 = Release|Any CPU
		{8075E101-B674-47AE-9E6E-F72A8CDCF725}.Release|Any CPU.Deploy.0 = Release|Any CPU
		{C0C1FCB7-9E90-4336-AE31-409A3244FFD5}.Debug|Any CPU.ActiveCfg = Debug|Any CPU
		{C0C1FCB7-9E90-4336-AE31-409A3244FFD5}.Debug|Any CPU.Build.0 = Debug|Any CPU
		{C0C1FCB7-9E90-4336-AE31-409A3244FFD5}.Release|Any CPU.ActiveCfg = Release|Any CPU
		{C0C1FCB7-9E90-4336-AE31-409A3244FFD5}.Release|Any CPU.Build.0 = Release|Any CPU
		{5FCF12BF-00A6-435B-A2C9-283B2170DE17}.Debug|Any CPU.ActiveCfg = Debug|Any CPU
		{5FCF12BF-00A6-435B-A2C9-283B2170DE17}.Debug|Any CPU.Build.0 = Debug|Any CPU
		{5FCF12BF-00A6-435B-A2C9-283B2170DE17}.Release|Any CPU.ActiveCfg = Release|Any CPU
		{5FCF12BF-00A6-435B-A2C9-283B2170DE17}.Release|Any CPU.Build.0 = Release|Any CPU
	EndGlobalSection
	GlobalSection(SolutionProperties) = preSolution
		HideSolutionNode = FALSE
	EndGlobalSection
	GlobalSection(ExtensibilityGlobals) = postSolution
		SolutionGuid = {9132FC8C-DDFF-4F0C-8223-809279B6C436}
	EndGlobalSection
EndGlobal
